
Microsoft Visual Studio Solution File, Format Version 12.00
# Visual Studio Version 16
VisualStudioVersion = 16.0.28803.156
MinimumVisualStudioVersion = 10.0.40219.1
Project("{FAE04EC0-301F-11D3-BF4B-00C04F79EFBC}") = "Hustle", "Hustle\Hustle\Hustle.csproj", "{41BEFF2A-D879-4951-A566-799EA9F20F0B}"
EndProject
Project("{FAE04EC0-301F-11D3-BF4B-00C04F79EFBC}") = "Hustle.Android", "Hustle\Hustle.Android\Hustle.Android.csproj", "{93A98DA1-0392-4567-B4EA-7DE79709D2FA}"
EndProject
Project("{FAE04EC0-301F-11D3-BF4B-00C04F79EFBC}") = "Hustle.iOS", "Hustle\Hustle.iOS\Hustle.iOS.csproj", "{A917C294-E914-4A29-9D33-D398411204D5}"
EndProject
Project("{FAE04EC0-301F-11D3-BF4B-00C04F79EFBC}") = "Hustle.UWP", "Hustle\Hustle.UWP\Hustle.UWP.csproj", "{9F9B658E-F502-45E9-A332-5F72E7612FDE}"
EndProject
Global
	GlobalSection(SolutionConfigurationPlatforms) = preSolution
		Ad-Hoc|Any CPU = Ad-Hoc|Any CPU
		Ad-Hoc|ARM = Ad-Hoc|ARM
		Ad-Hoc|iPhone = Ad-Hoc|iPhone
		Ad-Hoc|iPhoneSimulator = Ad-Hoc|iPhoneSimulator
		Ad-Hoc|x64 = Ad-Hoc|x64
		Ad-Hoc|x86 = Ad-Hoc|x86
		AppStore|Any CPU = AppStore|Any CPU
		AppStore|ARM = AppStore|ARM
		AppStore|iPhone = AppStore|iPhone
		AppStore|iPhoneSimulator = AppStore|iPhoneSimulator
		AppStore|x64 = AppStore|x64
		AppStore|x86 = AppStore|x86
		Debug|Any CPU = Debug|Any CPU
		Debug|ARM = Debug|ARM
		Debug|iPhone = Debug|iPhone
		Debug|iPhoneSimulator = Debug|iPhoneSimulator
		Debug|x64 = Debug|x64
		Debug|x86 = Debug|x86
		Release|Any CPU = Release|Any CPU
		Release|ARM = Release|ARM
		Release|iPhone = Release|iPhone
		Release|iPhoneSimulator = Release|iPhoneSimulator
		Release|x64 = Release|x64
		Release|x86 = Release|x86
	EndGlobalSection
	GlobalSection(ProjectConfigurationPlatforms) = postSolution
		{41BEFF2A-D879-4951-A566-799EA9F20F0B}.Ad-Hoc|Any CPU.ActiveCfg = Debug|Any CPU
		{41BEFF2A-D879-4951-A566-799EA9F20F0B}.Ad-Hoc|Any CPU.Build.0 = Debug|Any CPU
		{41BEFF2A-D879-4951-A566-799EA9F20F0B}.Ad-Hoc|ARM.ActiveCfg = Debug|Any CPU
		{41BEFF2A-D879-4951-A566-799EA9F20F0B}.Ad-Hoc|ARM.Build.0 = Debug|Any CPU
		{41BEFF2A-D879-4951-A566-799EA9F20F0B}.Ad-Hoc|iPhone.ActiveCfg = Debug|Any CPU
		{41BEFF2A-D879-4951-A566-799EA9F20F0B}.Ad-Hoc|iPhone.Build.0 = Debug|Any CPU
		{41BEFF2A-D879-4951-A566-799EA9F20F0B}.Ad-Hoc|iPhoneSimulator.ActiveCfg = Debug|Any CPU
		{41BEFF2A-D879-4951-A566-799EA9F20F0B}.Ad-Hoc|iPhoneSimulator.Build.0 = Debug|Any CPU
		{41BEFF2A-D879-4951-A566-799EA9F20F0B}.Ad-Hoc|x64.ActiveCfg = Debug|Any CPU
		{41BEFF2A-D879-4951-A566-799EA9F20F0B}.Ad-Hoc|x64.Build.0 = Debug|Any CPU
		{41BEFF2A-D879-4951-A566-799EA9F20F0B}.Ad-Hoc|x86.ActiveCfg = Debug|Any CPU
		{41BEFF2A-D879-4951-A566-799EA9F20F0B}.Ad-Hoc|x86.Build.0 = Debug|Any CPU
		{41BEFF2A-D879-4951-A566-799EA9F20F0B}.AppStore|Any CPU.ActiveCfg = Debug|Any CPU
		{41BEFF2A-D879-4951-A566-799EA9F20F0B}.AppStore|Any CPU.Build.0 = Debug|Any CPU
		{41BEFF2A-D879-4951-A566-799EA9F20F0B}.AppStore|ARM.ActiveCfg = Debug|Any CPU
		{41BEFF2A-D879-4951-A566-799EA9F20F0B}.AppStore|ARM.Build.0 = Debug|Any CPU
		{41BEFF2A-D879-4951-A566-799EA9F20F0B}.AppStore|iPhone.ActiveCfg = Debug|Any CPU
		{41BEFF2A-D879-4951-A566-799EA9F20F0B}.AppStore|iPhone.Build.0 = Debug|Any CPU
		{41BEFF2A-D879-4951-A566-799EA9F20F0B}.AppStore|iPhoneSimulator.ActiveCfg = Debug|Any CPU
		{41BEFF2A-D879-4951-A566-799EA9F20F0B}.AppStore|iPhoneSimulator.Build.0 = Debug|Any CPU
		{41BEFF2A-D879-4951-A566-799EA9F20F0B}.AppStore|x64.ActiveCfg = Debug|Any CPU
		{41BEFF2A-D879-4951-A566-799EA9F20F0B}.AppStore|x64.Build.0 = Debug|Any CPU
		{41BEFF2A-D879-4951-A566-799EA9F20F0B}.AppStore|x86.ActiveCfg = Debug|Any CPU
		{41BEFF2A-D879-4951-A566-799EA9F20F0B}.AppStore|x86.Build.0 = Debug|Any CPU
		{41BEFF2A-D879-4951-A566-799EA9F20F0B}.Debug|Any CPU.ActiveCfg = Debug|Any CPU
		{41BEFF2A-D879-4951-A566-799EA9F20F0B}.Debug|Any CPU.Build.0 = Debug|Any CPU
		{41BEFF2A-D879-4951-A566-799EA9F20F0B}.Debug|ARM.ActiveCfg = Debug|Any CPU
		{41BEFF2A-D879-4951-A566-799EA9F20F0B}.Debug|ARM.Build.0 = Debug|Any CPU
		{41BEFF2A-D879-4951-A566-799EA9F20F0B}.Debug|iPhone.ActiveCfg = Debug|Any CPU
		{41BEFF2A-D879-4951-A566-799EA9F20F0B}.Debug|iPhone.Build.0 = Debug|Any CPU
		{41BEFF2A-D879-4951-A566-799EA9F20F0B}.Debug|iPhoneSimulator.ActiveCfg = Debug|Any CPU
		{41BEFF2A-D879-4951-A566-799EA9F20F0B}.Debug|iPhoneSimulator.Build.0 = Debug|Any CPU
		{41BEFF2A-D879-4951-A566-799EA9F20F0B}.Debug|x64.ActiveCfg = Debug|Any CPU
		{41BEFF2A-D879-4951-A566-799EA9F20F0B}.Debug|x64.Build.0 = Debug|Any CPU
		{41BEFF2A-D879-4951-A566-799EA9F20F0B}.Debug|x86.ActiveCfg = Debug|Any CPU
		{41BEFF2A-D879-4951-A566-799EA9F20F0B}.Debug|x86.Build.0 = Debug|Any CPU
		{41BEFF2A-D879-4951-A566-799EA9F20F0B}.Release|Any CPU.ActiveCfg = Release|Any CPU
		{41BEFF2A-D879-4951-A566-799EA9F20F0B}.Release|Any CPU.Build.0 = Release|Any CPU
		{41BEFF2A-D879-4951-A566-799EA9F20F0B}.Release|ARM.ActiveCfg = Release|Any CPU
		{41BEFF2A-D879-4951-A566-799EA9F20F0B}.Release|ARM.Build.0 = Release|Any CPU
		{41BEFF2A-D879-4951-A566-799EA9F20F0B}.Release|iPhone.ActiveCfg = Release|Any CPU
		{41BEFF2A-D879-4951-A566-799EA9F20F0B}.Release|iPhone.Build.0 = Release|Any CPU
		{41BEFF2A-D879-4951-A566-799EA9F20F0B}.Release|iPhoneSimulator.ActiveCfg = Release|Any CPU
		{41BEFF2A-D879-4951-A566-799EA9F20F0B}.Release|iPhoneSimulator.Build.0 = Release|Any CPU
		{41BEFF2A-D879-4951-A566-799EA9F20F0B}.Release|x64.ActiveCfg = Release|Any CPU
		{41BEFF2A-D879-4951-A566-799EA9F20F0B}.Release|x64.Build.0 = Release|Any CPU
		{41BEFF2A-D879-4951-A566-799EA9F20F0B}.Release|x86.ActiveCfg = Release|Any CPU
		{41BEFF2A-D879-4951-A566-799EA9F20F0B}.Release|x86.Build.0 = Release|Any CPU
		{93A98DA1-0392-4567-B4EA-7DE79709D2FA}.Ad-Hoc|Any CPU.ActiveCfg = Release|Any CPU
		{93A98DA1-0392-4567-B4EA-7DE79709D2FA}.Ad-Hoc|Any CPU.Build.0 = Release|Any CPU
		{93A98DA1-0392-4567-B4EA-7DE79709D2FA}.Ad-Hoc|Any CPU.Deploy.0 = Release|Any CPU
		{93A98DA1-0392-4567-B4EA-7DE79709D2FA}.Ad-Hoc|ARM.ActiveCfg = Release|Any CPU
		{93A98DA1-0392-4567-B4EA-7DE79709D2FA}.Ad-Hoc|ARM.Build.0 = Release|Any CPU
		{93A98DA1-0392-4567-B4EA-7DE79709D2FA}.Ad-Hoc|ARM.Deploy.0 = Release|Any CPU
		{93A98DA1-0392-4567-B4EA-7DE79709D2FA}.Ad-Hoc|iPhone.ActiveCfg = Release|Any CPU
		{93A98DA1-0392-4567-B4EA-7DE79709D2FA}.Ad-Hoc|iPhone.Build.0 = Release|Any CPU
		{93A98DA1-0392-4567-B4EA-7DE79709D2FA}.Ad-Hoc|iPhone.Deploy.0 = Release|Any CPU
		{93A98DA1-0392-4567-B4EA-7DE79709D2FA}.Ad-Hoc|iPhoneSimulator.ActiveCfg = Release|Any CPU
		{93A98DA1-0392-4567-B4EA-7DE79709D2FA}.Ad-Hoc|iPhoneSimulator.Build.0 = Release|Any CPU
		{93A98DA1-0392-4567-B4EA-7DE79709D2FA}.Ad-Hoc|iPhoneSimulator.Deploy.0 = Release|Any CPU
		{93A98DA1-0392-4567-B4EA-7DE79709D2FA}.Ad-Hoc|x64.ActiveCfg = Release|Any CPU
		{93A98DA1-0392-4567-B4EA-7DE79709D2FA}.Ad-Hoc|x64.Build.0 = Release|Any CPU
		{93A98DA1-0392-4567-B4EA-7DE79709D2FA}.Ad-Hoc|x64.Deploy.0 = Release|Any CPU
		{93A98DA1-0392-4567-B4EA-7DE79709D2FA}.Ad-Hoc|x86.ActiveCfg = Release|Any CPU
		{93A98DA1-0392-4567-B4EA-7DE79709D2FA}.Ad-Hoc|x86.Build.0 = Release|Any CPU
		{93A98DA1-0392-4567-B4EA-7DE79709D2FA}.Ad-Hoc|x86.Deploy.0 = Release|Any CPU
		{93A98DA1-0392-4567-B4EA-7DE79709D2FA}.AppStore|Any CPU.ActiveCfg = Release|Any CPU
		{93A98DA1-0392-4567-B4EA-7DE79709D2FA}.AppStore|Any CPU.Build.0 = Release|Any CPU
		{93A98DA1-0392-4567-B4EA-7DE79709D2FA}.AppStore|Any CPU.Deploy.0 = Release|Any CPU
		{93A98DA1-0392-4567-B4EA-7DE79709D2FA}.AppStore|ARM.ActiveCfg = Release|Any CPU
		{93A98DA1-0392-4567-B4EA-7DE79709D2FA}.AppStore|ARM.Build.0 = Release|Any CPU
		{93A98DA1-0392-4567-B4EA-7DE79709D2FA}.AppStore|ARM.Deploy.0 = Release|Any CPU
		{93A98DA1-0392-4567-B4EA-7DE79709D2FA}.AppStore|iPhone.ActiveCfg = Release|Any CPU
		{93A98DA1-0392-4567-B4EA-7DE79709D2FA}.AppStore|iPhone.Build.0 = Release|Any CPU
		{93A98DA1-0392-4567-B4EA-7DE79709D2FA}.AppStore|iPhone.Deploy.0 = Release|Any CPU
		{93A98DA1-0392-4567-B4EA-7DE79709D2FA}.AppStore|iPhoneSimulator.ActiveCfg = Release|Any CPU
		{93A98DA1-0392-4567-B4EA-7DE79709D2FA}.AppStore|iPhoneSimulator.Build.0 = Release|Any CPU
		{93A98DA1-0392-4567-B4EA-7DE79709D2FA}.AppStore|iPhoneSimulator.Deploy.0 = Release|Any CPU
		{93A98DA1-0392-4567-B4EA-7DE79709D2FA}.AppStore|x64.ActiveCfg = Release|Any CPU
		{93A98DA1-0392-4567-B4EA-7DE79709D2FA}.AppStore|x64.Build.0 = Release|Any CPU
		{93A98DA1-0392-4567-B4EA-7DE79709D2FA}.AppStore|x64.Deploy.0 = Release|Any CPU
		{93A98DA1-0392-4567-B4EA-7DE79709D2FA}.AppStore|x86.ActiveCfg = Release|Any CPU
		{93A98DA1-0392-4567-B4EA-7DE79709D2FA}.AppStore|x86.Build.0 = Release|Any CPU
		{93A98DA1-0392-4567-B4EA-7DE79709D2FA}.AppStore|x86.Deploy.0 = Release|Any CPU
		{93A98DA1-0392-4567-B4EA-7DE79709D2FA}.Debug|Any CPU.ActiveCfg = Debug|Any CPU
		{93A98DA1-0392-4567-B4EA-7DE79709D2FA}.Debug|Any CPU.Build.0 = Debug|Any CPU
		{93A98DA1-0392-4567-B4EA-7DE79709D2FA}.Debug|Any CPU.Deploy.0 = Debug|Any CPU
		{93A98DA1-0392-4567-B4EA-7DE79709D2FA}.Debug|ARM.ActiveCfg = Debug|Any CPU
		{93A98DA1-0392-4567-B4EA-7DE79709D2FA}.Debug|ARM.Build.0 = Debug|Any CPU
		{93A98DA1-0392-4567-B4EA-7DE79709D2FA}.Debug|ARM.Deploy.0 = Debug|Any CPU
		{93A98DA1-0392-4567-B4EA-7DE79709D2FA}.Debug|iPhone.ActiveCfg = Debug|Any CPU
		{93A98DA1-0392-4567-B4EA-7DE79709D2FA}.Debug|iPhone.Build.0 = Debug|Any CPU
		{93A98DA1-0392-4567-B4EA-7DE79709D2FA}.Debug|iPhone.Deploy.0 = Debug|Any CPU
		{93A98DA1-0392-4567-B4EA-7DE79709D2FA}.Debug|iPhoneSimulator.ActiveCfg = Debug|Any CPU
		{93A98DA1-0392-4567-B4EA-7DE79709D2FA}.Debug|iPhoneSimulator.Build.0 = Debug|Any CPU
		{93A98DA1-0392-4567-B4EA-7DE79709D2FA}.Debug|iPhoneSimulator.Deploy.0 = Debug|Any CPU
		{93A98DA1-0392-4567-B4EA-7DE79709D2FA}.Debug|x64.ActiveCfg = Debug|Any CPU
		{93A98DA1-0392-4567-B4EA-7DE79709D2FA}.Debug|x64.Build.0 = Debug|Any CPU
		{93A98DA1-0392-4567-B4EA-7DE79709D2FA}.Debug|x64.Deploy.0 = Debug|Any CPU
		{93A98DA1-0392-4567-B4EA-7DE79709D2FA}.Debug|x86.ActiveCfg = Debug|Any CPU
		{93A98DA1-0392-4567-B4EA-7DE79709D2FA}.Debug|x86.Build.0 = Debug|Any CPU
		{93A98DA1-0392-4567-B4EA-7DE79709D2FA}.Debug|x86.Deploy.0 = Debug|Any CPU
		{93A98DA1-0392-4567-B4EA-7DE79709D2FA}.Release|Any CPU.ActiveCfg = Release|Any CPU
		{93A98DA1-0392-4567-B4EA-7DE79709D2FA}.Release|Any CPU.Build.0 = Release|Any CPU
		{93A98DA1-0392-4567-B4EA-7DE79709D2FA}.Release|Any CPU.Deploy.0 = Release|Any CPU
		{93A98DA1-0392-4567-B4EA-7DE79709D2FA}.Release|ARM.ActiveCfg = Release|Any CPU
		{93A98DA1-0392-4567-B4EA-7DE79709D2FA}.Release|ARM.Build.0 = Release|Any CPU
		{93A98DA1-0392-4567-B4EA-7DE79709D2FA}.Release|ARM.Deploy.0 = Release|Any CPU
		{93A98DA1-0392-4567-B4EA-7DE79709D2FA}.Release|iPhone.ActiveCfg = Release|Any CPU
		{93A98DA1-0392-4567-B4EA-7DE79709D2FA}.Release|iPhone.Build.0 = Release|Any CPU
		{93A98DA1-0392-4567-B4EA-7DE79709D2FA}.Release|iPhone.Deploy.0 = Release|Any CPU
		{93A98DA1-0392-4567-B4EA-7DE79709D2FA}.Release|iPhoneSimulator.ActiveCfg = Release|Any CPU
		{93A98DA1-0392-4567-B4EA-7DE79709D2FA}.Release|iPhoneSimulator.Build.0 = Release|Any CPU
		{93A98DA1-0392-4567-B4EA-7DE79709D2FA}.Release|iPhoneSimulator.Deploy.0 = Release|Any CPU
		{93A98DA1-0392-4567-B4EA-7DE79709D2FA}.Release|x64.ActiveCfg = Release|Any CPU
		{93A98DA1-0392-4567-B4EA-7DE79709D2FA}.Release|x64.Build.0 = Release|Any CPU
		{93A98DA1-0392-4567-B4EA-7DE79709D2FA}.Release|x64.Deploy.0 = Release|Any CPU
		{93A98DA1-0392-4567-B4EA-7DE79709D2FA}.Release|x86.ActiveCfg = Release|Any CPU
		{93A98DA1-0392-4567-B4EA-7DE79709D2FA}.Release|x86.Build.0 = Release|Any CPU
		{93A98DA1-0392-4567-B4EA-7DE79709D2FA}.Release|x86.Deploy.0 = Release|Any CPU
		{A917C294-E914-4A29-9D33-D398411204D5}.Ad-Hoc|Any CPU.ActiveCfg = Ad-Hoc|iPhone
		{A917C294-E914-4A29-9D33-D398411204D5}.Ad-Hoc|ARM.ActiveCfg = Ad-Hoc|iPhone
		{A917C294-E914-4A29-9D33-D398411204D5}.Ad-Hoc|iPhone.ActiveCfg = Ad-Hoc|iPhone
		{A917C294-E914-4A29-9D33-D398411204D5}.Ad-Hoc|iPhone.Build.0 = Ad-Hoc|iPhone
		{A917C294-E914-4A29-9D33-D398411204D5}.Ad-Hoc|iPhoneSimulator.ActiveCfg = Ad-Hoc|iPhoneSimulator
		{A917C294-E914-4A29-9D33-D398411204D5}.Ad-Hoc|iPhoneSimulator.Build.0 = Ad-Hoc|iPhoneSimulator
		{A917C294-E914-4A29-9D33-D398411204D5}.Ad-Hoc|x64.ActiveCfg = Ad-Hoc|iPhone
		{A917C294-E914-4A29-9D33-D398411204D5}.Ad-Hoc|x86.ActiveCfg = Ad-Hoc|iPhone
		{A917C294-E914-4A29-9D33-D398411204D5}.AppStore|Any CPU.ActiveCfg = AppStore|iPhone
		{A917C294-E914-4A29-9D33-D398411204D5}.AppStore|ARM.ActiveCfg = AppStore|iPhone
		{A917C294-E914-4A29-9D33-D398411204D5}.AppStore|iPhone.ActiveCfg = AppStore|iPhone
		{A917C294-E914-4A29-9D33-D398411204D5}.AppStore|iPhone.Build.0 = AppStore|iPhone
		{A917C294-E914-4A29-9D33-D398411204D5}.AppStore|iPhoneSimulator.ActiveCfg = AppStore|iPhoneSimulator
		{A917C294-E914-4A29-9D33-D398411204D5}.AppStore|iPhoneSimulator.Build.0 = AppStore|iPhoneSimulator
		{A917C294-E914-4A29-9D33-D398411204D5}.AppStore|x64.ActiveCfg = AppStore|iPhone
		{A917C294-E914-4A29-9D33-D398411204D5}.AppStore|x86.ActiveCfg = AppStore|iPhone
		{A917C294-E914-4A29-9D33-D398411204D5}.Debug|Any CPU.ActiveCfg = Debug|iPhone
		{A917C294-E914-4A29-9D33-D398411204D5}.Debug|ARM.ActiveCfg = Debug|iPhone
		{A917C294-E914-4A29-9D33-D398411204D5}.Debug|iPhone.ActiveCfg = Debug|iPhone
		{A917C294-E914-4A29-9D33-D398411204D5}.Debug|iPhone.Build.0 = Debug|iPhone
		{A917C294-E914-4A29-9D33-D398411204D5}.Debug|iPhoneSimulator.ActiveCfg = Debug|iPhoneSimulator
		{A917C294-E914-4A29-9D33-D398411204D5}.Debug|iPhoneSimulator.Build.0 = Debug|iPhoneSimulator
		{A917C294-E914-4A29-9D33-D398411204D5}.Debug|x64.ActiveCfg = Debug|iPhone
		{A917C294-E914-4A29-9D33-D398411204D5}.Debug|x86.ActiveCfg = Debug|iPhone
		{A917C294-E914-4A29-9D33-D398411204D5}.Release|Any CPU.ActiveCfg = Release|iPhone
		{A917C294-E914-4A29-9D33-D398411204D5}.Release|ARM.ActiveCfg = Release|iPhone
		{A917C294-E914-4A29-9D33-D398411204D5}.Release|iPhone.ActiveCfg = Release|iPhone
		{A917C294-E914-4A29-9D33-D398411204D5}.Release|iPhone.Build.0 = Release|iPhone
		{A917C294-E914-4A29-9D33-D398411204D5}.Release|iPhoneSimulator.ActiveCfg = Release|iPhoneSimulator
		{A917C294-E914-4A29-9D33-D398411204D5}.Release|iPhoneSimulator.Build.0 = Release|iPhoneSimulator
		{A917C294-E914-4A29-9D33-D398411204D5}.Release|x64.ActiveCfg = Release|iPhone
		{A917C294-E914-4A29-9D33-D398411204D5}.Release|x86.ActiveCfg = Release|iPhone
		{9F9B658E-F502-45E9-A332-5F72E7612FDE}.Ad-Hoc|Any CPU.ActiveCfg = Release|x86
		{9F9B658E-F502-45E9-A332-5F72E7612FDE}.Ad-Hoc|Any CPU.Build.0 = Release|x86
		{9F9B658E-F502-45E9-A332-5F72E7612FDE}.Ad-Hoc|Any CPU.Deploy.0 = Release|x86
		{9F9B658E-F502-45E9-A332-5F72E7612FDE}.Ad-Hoc|ARM.ActiveCfg = Release|ARM
		{9F9B658E-F502-45E9-A332-5F72E7612FDE}.Ad-Hoc|ARM.Build.0 = Release|ARM
		{9F9B658E-F502-45E9-A332-5F72E7612FDE}.Ad-Hoc|ARM.Deploy.0 = Release|ARM
		{9F9B658E-F502-45E9-A332-5F72E7612FDE}.Ad-Hoc|iPhone.ActiveCfg = Release|x86
		{9F9B658E-F502-45E9-A332-5F72E7612FDE}.Ad-Hoc|iPhone.Build.0 = Release|x86
		{9F9B658E-F502-45E9-A332-5F72E7612FDE}.Ad-Hoc|iPhone.Deploy.0 = Release|x86
		{9F9B658E-F502-45E9-A332-5F72E7612FDE}.Ad-Hoc|iPhoneSimulator.ActiveCfg = Release|x86
		{9F9B658E-F502-45E9-A332-5F72E7612FDE}.Ad-Hoc|iPhoneSimulator.Build.0 = Release|x86
		{9F9B658E-F502-45E9-A332-5F72E7612FDE}.Ad-Hoc|iPhoneSimulator.Deploy.0 = Release|x86
		{9F9B658E-F502-45E9-A332-5F72E7612FDE}.Ad-Hoc|x64.ActiveCfg = Release|x64
		{9F9B658E-F502-45E9-A332-5F72E7612FDE}.Ad-Hoc|x64.Build.0 = Release|x64
		{9F9B658E-F502-45E9-A332-5F72E7612FDE}.Ad-Hoc|x64.Deploy.0 = Release|x64
		{9F9B658E-F502-45E9-A332-5F72E7612FDE}.Ad-Hoc|x86.ActiveCfg = Release|x86
		{9F9B658E-F502-45E9-A332-5F72E7612FDE}.Ad-Hoc|x86.Build.0 = Release|x86
		{9F9B658E-F502-45E9-A332-5F72E7612FDE}.Ad-Hoc|x86.Deploy.0 = Release|x86
		{9F9B658E-F502-45E9-A332-5F72E7612FDE}.AppStore|Any CPU.ActiveCfg = Release|x86
		{9F9B658E-F502-45E9-A332-5F72E7612FDE}.AppStore|Any CPU.Build.0 = Release|x86
		{9F9B658E-F502-45E9-A332-5F72E7612FDE}.AppStore|Any CPU.Deploy.0 = Release|x86
		{9F9B658E-F502-45E9-A332-5F72E7612FDE}.AppStore|ARM.ActiveCfg = Release|ARM
		{9F9B658E-F502-45E9-A332-5F72E7612FDE}.AppStore|ARM.Build.0 = Release|ARM
		{9F9B658E-F502-45E9-A332-5F72E7612FDE}.AppStore|ARM.Deploy.0 = Release|ARM
		{9F9B658E-F502-45E9-A332-5F72E7612FDE}.AppStore|iPhone.ActiveCfg = Release|x86
		{9F9B658E-F502-45E9-A332-5F72E7612FDE}.AppStore|iPhone.Build.0 = Release|x86
		{9F9B658E-F502-45E9-A332-5F72E7612FDE}.AppStore|iPhone.Deploy.0 = Release|x86
		{9F9B658E-F502-45E9-A332-5F72E7612FDE}.AppStore|iPhoneSimulator.ActiveCfg = Release|x86
		{9F9B658E-F502-45E9-A332-5F72E7612FDE}.AppStore|iPhoneSimulator.Build.0 = Release|x86
		{9F9B658E-F502-45E9-A332-5F72E7612FDE}.AppStore|iPhoneSimulator.Deploy.0 = Release|x86
		{9F9B658E-F502-45E9-A332-5F72E7612FDE}.AppStore|x64.ActiveCfg = Release|x64
		{9F9B658E-F502-45E9-A332-5F72E7612FDE}.AppStore|x64.Build.0 = Release|x64
		{9F9B658E-F502-45E9-A332-5F72E7612FDE}.AppStore|x64.Deploy.0 = Release|x64
		{9F9B658E-F502-45E9-A332-5F72E7612FDE}.AppStore|x86.ActiveCfg = Release|x86
		{9F9B658E-F502-45E9-A332-5F72E7612FDE}.AppStore|x86.Build.0 = Release|x86
		{9F9B658E-F502-45E9-A332-5F72E7612FDE}.AppStore|x86.Deploy.0 = Release|x86
		{9F9B658E-F502-45E9-A332-5F72E7612FDE}.Debug|Any CPU.ActiveCfg = Debug|x86
		{9F9B658E-F502-45E9-A332-5F72E7612FDE}.Debug|ARM.ActiveCfg = Debug|ARM
		{9F9B658E-F502-45E9-A332-5F72E7612FDE}.Debug|ARM.Build.0 = Debug|ARM
		{9F9B658E-F502-45E9-A332-5F72E7612FDE}.Debug|ARM.Deploy.0 = Debug|ARM
		{9F9B658E-F502-45E9-A332-5F72E7612FDE}.Debug|iPhone.ActiveCfg = Debug|x86
		{9F9B658E-F502-45E9-A332-5F72E7612FDE}.Debug|iPhoneSimulator.ActiveCfg = Debug|x86
		{9F9B658E-F502-45E9-A332-5F72E7612FDE}.Debug|x64.ActiveCfg = Debug|x64
		{9F9B658E-F502-45E9-A332-5F72E7612FDE}.Debug|x64.Build.0 = Debug|x64
		{9F9B658E-F502-45E9-A332-5F72E7612FDE}.Debug|x64.Deploy.0 = Debug|x64
		{9F9B658E-F502-45E9-A332-5F72E7612FDE}.Debug|x86.ActiveCfg = Debug|x86
		{9F9B658E-F502-45E9-A332-5F72E7612FDE}.Debug|x86.Build.0 = Debug|x86
		{9F9B658E-F502-45E9-A332-5F72E7612FDE}.Debug|x86.Deploy.0 = Debug|x86
		{9F9B658E-F502-45E9-A332-5F72E7612FDE}.Release|Any CPU.ActiveCfg = Release|x86
		{9F9B658E-F502-45E9-A332-5F72E7612FDE}.Release|ARM.ActiveCfg = Release|ARM
		{9F9B658E-F502-45E9-A332-5F72E7612FDE}.Release|ARM.Build.0 = Release|ARM
		{9F9B658E-F502-45E9-A332-5F72E7612FDE}.Release|ARM.Deploy.0 = Release|ARM
		{9F9B658E-F502-45E9-A332-5F72E7612FDE}.Release|iPhone.ActiveCfg = Release|x86
		{9F9B658E-F502-45E9-A332-5F72E7612FDE}.Release|iPhoneSimulator.ActiveCfg = Release|x86
		{9F9B658E-F502-45E9-A332-5F72E7612FDE}.Release|x64.ActiveCfg = Release|x64
		{9F9B658E-F502-45E9-A332-5F72E7612FDE}.Release|x64.Build.0 = Release|x64
		{9F9B658E-F502-45E9-A332-5F72E7612FDE}.Release|x64.Deploy.0 = Release|x64
		{9F9B658E-F502-45E9-A332-5F72E7612FDE}.Release|x86.ActiveCfg = Release|x86
		{9F9B658E-F502-45E9-A332-5F72E7612FDE}.Release|x86.Build.0 = Release|x86
		{9F9B658E-F502-45E9-A332-5F72E7612FDE}.Release|x86.Deploy.0 = Release|x86
	EndGlobalSection
	GlobalSection(SolutionProperties) = preSolution
		HideSolutionNode = FALSE
	EndGlobalSection
	GlobalSection(ExtensibilityGlobals) = postSolution
		SolutionGuid = {A4B34111-8028-4446-A27E-48B3D6E16271}
	EndGlobalSection
EndGlobal
